// !$*UTF8*$!
{
	archiveVersion = 1;
	classes = {
	};
	objectVersion = 46;
	objects = {

/* Begin PBXBuildFile section */
		79E0154C470B4F569F81FB39 /* libPods.a in Frameworks */ = {isa = PBXBuildFile; fileRef = 68E7C07CD51648E8AE1DED3C /* libPods.a */; };
		D01A9DE919305D2400BEB65B /* Foundation.framework in Frameworks */ = {isa = PBXBuildFile; fileRef = D01A9DE819305D2400BEB65B /* Foundation.framework */; };
		D01A9DEB19305D2400BEB65B /* CoreGraphics.framework in Frameworks */ = {isa = PBXBuildFile; fileRef = D01A9DEA19305D2400BEB65B /* CoreGraphics.framework */; };
		D01A9DED19305D2400BEB65B /* UIKit.framework in Frameworks */ = {isa = PBXBuildFile; fileRef = D01A9DEC19305D2400BEB65B /* UIKit.framework */; };
		D01A9DF319305D2400BEB65B /* InfoPlist.strings in Resources */ = {isa = PBXBuildFile; fileRef = D01A9DF119305D2400BEB65B /* InfoPlist.strings */; };
		D01A9DF519305D2400BEB65B /* main.m in Sources */ = {isa = PBXBuildFile; fileRef = D01A9DF419305D2400BEB65B /* main.m */; };
		D01A9DF919305D2400BEB65B /* TSAppDelegate.m in Sources */ = {isa = PBXBuildFile; fileRef = D01A9DF819305D2400BEB65B /* TSAppDelegate.m */; };
		D01A9DFC19305D2400BEB65B /* Main.storyboard in Resources */ = {isa = PBXBuildFile; fileRef = D01A9DFA19305D2400BEB65B /* Main.storyboard */; };
		D01A9DFF19305D2500BEB65B /* TSViewController.m in Sources */ = {isa = PBXBuildFile; fileRef = D01A9DFE19305D2500BEB65B /* TSViewController.m */; };
		D01A9E0119305D2500BEB65B /* Images.xcassets in Resources */ = {isa = PBXBuildFile; fileRef = D01A9E0019305D2500BEB65B /* Images.xcassets */; };
		D01A9E0819305D2500BEB65B /* XCTest.framework in Frameworks */ = {isa = PBXBuildFile; fileRef = D01A9E0719305D2500BEB65B /* XCTest.framework */; };
		D01A9E0919305D2500BEB65B /* Foundation.framework in Frameworks */ = {isa = PBXBuildFile; fileRef = D01A9DE819305D2400BEB65B /* Foundation.framework */; };
		D01A9E0A19305D2500BEB65B /* UIKit.framework in Frameworks */ = {isa = PBXBuildFile; fileRef = D01A9DEC19305D2400BEB65B /* UIKit.framework */; };
		D01A9E1219305D2500BEB65B /* InfoPlist.strings in Resources */ = {isa = PBXBuildFile; fileRef = D01A9E1019305D2500BEB65B /* InfoPlist.strings */; };
		D01A9E1419305D2500BEB65B /* ParticipaPoaTests.m in Sources */ = {isa = PBXBuildFile; fileRef = D01A9E1319305D2500BEB65B /* ParticipaPoaTests.m */; };
		D076FCBB193FC3B5004F891D /* TSDetalheViewController.m in Sources */ = {isa = PBXBuildFile; fileRef = D076FCBA193FC3B5004F891D /* TSDetalheViewController.m */; };
		D076FCBD1940FC10004F891D /* logo_op.png in Resources */ = {isa = PBXBuildFile; fileRef = D076FCBC1940FC10004F891D /* logo_op.png */; };
		D076FCBF1940FD80004F891D /* box.png in Resources */ = {isa = PBXBuildFile; fileRef = D076FCBE1940FD80004F891D /* box.png */; };
		D076FCC11940FEA1004F891D /* box2.png in Resources */ = {isa = PBXBuildFile; fileRef = D076FCC01940FEA1004F891D /* box2.png */; };
		D076FCD119417788004F891D /* Icon-60.png in Resources */ = {isa = PBXBuildFile; fileRef = D076FCC319417788004F891D /* Icon-60.png */; };
		D076FCD219417788004F891D /* Icon-60@2x.png in Resources */ = {isa = PBXBuildFile; fileRef = D076FCC419417788004F891D /* Icon-60@2x.png */; };
		D076FCD319417788004F891D /* Icon-72.png in Resources */ = {isa = PBXBuildFile; fileRef = D076FCC519417788004F891D /* Icon-72.png */; };
		D076FCD419417788004F891D /* Icon-72@2x.png in Resources */ = {isa = PBXBuildFile; fileRef = D076FCC619417788004F891D /* Icon-72@2x.png */; };
		D076FCD519417788004F891D /* Icon-76.png in Resources */ = {isa = PBXBuildFile; fileRef = D076FCC719417788004F891D /* Icon-76.png */; };
		D076FCD619417788004F891D /* Icon-76@2x.png in Resources */ = {isa = PBXBuildFile; fileRef = D076FCC819417788004F891D /* Icon-76@2x.png */; };
		D076FCD719417788004F891D /* Icon-Small-50.png in Resources */ = {isa = PBXBuildFile; fileRef = D076FCC919417788004F891D /* Icon-Small-50.png */; };
		D076FCD819417788004F891D /* Icon-Small-50@2x.png in Resources */ = {isa = PBXBuildFile; fileRef = D076FCCA19417788004F891D /* Icon-Small-50@2x.png */; };
		D076FCD919417788004F891D /* Icon-Small.png in Resources */ = {isa = PBXBuildFile; fileRef = D076FCCB19417788004F891D /* Icon-Small.png */; };
		D076FCDA19417788004F891D /* Icon-Small@2x.png in Resources */ = {isa = PBXBuildFile; fileRef = D076FCCC19417788004F891D /* Icon-Small@2x.png */; };
		D076FCDB19417788004F891D /* Icon-Spotlight-40.png in Resources */ = {isa = PBXBuildFile; fileRef = D076FCCD19417788004F891D /* Icon-Spotlight-40.png */; };
		D076FCDC19417788004F891D /* Icon-Spotlight-40@2x.png in Resources */ = {isa = PBXBuildFile; fileRef = D076FCCE19417788004F891D /* Icon-Spotlight-40@2x.png */; };
		D076FCDD19417788004F891D /* Icon.png in Resources */ = {isa = PBXBuildFile; fileRef = D076FCCF19417788004F891D /* Icon.png */; };
		D076FCDE19417788004F891D /* Icon@2x.png in Resources */ = {isa = PBXBuildFile; fileRef = D076FCD019417788004F891D /* Icon@2x.png */; };
/* End PBXBuildFile section */

/* Begin PBXContainerItemProxy section */
		D01A9E0B19305D2500BEB65B /* PBXContainerItemProxy */ = {
			isa = PBXContainerItemProxy;
			containerPortal = D01A9DDD19305D2400BEB65B /* Project object */;
			proxyType = 1;
			remoteGlobalIDString = D01A9DE419305D2400BEB65B;
			remoteInfo = ParticipaPoa;
		};
/* End PBXContainerItemProxy section */

/* Begin PBXFileReference section */
		68E7C07CD51648E8AE1DED3C /* libPods.a */ = {isa = PBXFileReference; explicitFileType = archive.ar; includeInIndex = 0; path = libPods.a; sourceTree = BUILT_PRODUCTS_DIR; };
		D01A9DE519305D2400BEB65B /* ParticipaPoa.app */ = {isa = PBXFileReference; explicitFileType = wrapper.application; includeInIndex = 0; path = ParticipaPoa.app; sourceTree = BUILT_PRODUCTS_DIR; };
		D01A9DE819305D2400BEB65B /* Foundation.framework */ = {isa = PBXFileReference; lastKnownFileType = wrapper.framework; name = Foundation.framework; path = System/Library/Frameworks/Foundation.framework; sourceTree = SDKROOT; };
		D01A9DEA19305D2400BEB65B /* CoreGraphics.framework */ = {isa = PBXFileReference; lastKnownFileType = wrapper.framework; name = CoreGraphics.framework; path = System/Library/Frameworks/CoreGraphics.framework; sourceTree = SDKROOT; };
		D01A9DEC19305D2400BEB65B /* UIKit.framework */ = {isa = PBXFileReference; lastKnownFileType = wrapper.framework; name = UIKit.framework; path = System/Library/Frameworks/UIKit.framework; sourceTree = SDKROOT; };
		D01A9DF019305D2400BEB65B /* ParticipaPoa-Info.plist */ = {isa = PBXFileReference; lastKnownFileType = text.plist.xml; path = "ParticipaPoa-Info.plist"; sourceTree = "<group>"; };
		D01A9DF219305D2400BEB65B /* en */ = {isa = PBXFileReference; lastKnownFileType = text.plist.strings; name = en; path = en.lproj/InfoPlist.strings; sourceTree = "<group>"; };
		D01A9DF419305D2400BEB65B /* main.m */ = {isa = PBXFileReference; lastKnownFileType = sourcecode.c.objc; path = main.m; sourceTree = "<group>"; };
		D01A9DF619305D2400BEB65B /* ParticipaPoa-Prefix.pch */ = {isa = PBXFileReference; lastKnownFileType = sourcecode.c.h; path = "ParticipaPoa-Prefix.pch"; sourceTree = "<group>"; };
		D01A9DF719305D2400BEB65B /* TSAppDelegate.h */ = {isa = PBXFileReference; lastKnownFileType = sourcecode.c.h; path = TSAppDelegate.h; sourceTree = "<group>"; };
		D01A9DF819305D2400BEB65B /* TSAppDelegate.m */ = {isa = PBXFileReference; lastKnownFileType = sourcecode.c.objc; path = TSAppDelegate.m; sourceTree = "<group>"; };
		D01A9DFB19305D2400BEB65B /* Base */ = {isa = PBXFileReference; lastKnownFileType = file.storyboard; name = Base; path = Base.lproj/Main.storyboard; sourceTree = "<group>"; };
		D01A9DFD19305D2400BEB65B /* TSViewController.h */ = {isa = PBXFileReference; lastKnownFileType = sourcecode.c.h; path = TSViewController.h; sourceTree = "<group>"; };
		D01A9DFE19305D2500BEB65B /* TSViewController.m */ = {isa = PBXFileReference; lastKnownFileType = sourcecode.c.objc; path = TSViewController.m; sourceTree = "<group>"; };
		D01A9E0019305D2500BEB65B /* Images.xcassets */ = {isa = PBXFileReference; lastKnownFileType = folder.assetcatalog; path = Images.xcassets; sourceTree = "<group>"; };
		D01A9E0619305D2500BEB65B /* ParticipaPoaTests.xctest */ = {isa = PBXFileReference; explicitFileType = wrapper.cfbundle; includeInIndex = 0; path = ParticipaPoaTests.xctest; sourceTree = BUILT_PRODUCTS_DIR; };
		D01A9E0719305D2500BEB65B /* XCTest.framework */ = {isa = PBXFileReference; lastKnownFileType = wrapper.framework; name = XCTest.framework; path = Library/Frameworks/XCTest.framework; sourceTree = DEVELOPER_DIR; };
		D01A9E0F19305D2500BEB65B /* ParticipaPoaTests-Info.plist */ = {isa = PBXFileReference; lastKnownFileType = text.plist.xml; path = "ParticipaPoaTests-Info.plist"; sourceTree = "<group>"; };
		D01A9E1119305D2500BEB65B /* en */ = {isa = PBXFileReference; lastKnownFileType = text.plist.strings; name = en; path = en.lproj/InfoPlist.strings; sourceTree = "<group>"; };
		D01A9E1319305D2500BEB65B /* ParticipaPoaTests.m */ = {isa = PBXFileReference; lastKnownFileType = sourcecode.c.objc; path = ParticipaPoaTests.m; sourceTree = "<group>"; };
		D076FCB9193FC3B5004F891D /* TSDetalheViewController.h */ = {isa = PBXFileReference; fileEncoding = 4; lastKnownFileType = sourcecode.c.h; path = TSDetalheViewController.h; sourceTree = "<group>"; };
		D076FCBA193FC3B5004F891D /* TSDetalheViewController.m */ = {isa = PBXFileReference; fileEncoding = 4; lastKnownFileType = sourcecode.c.objc; path = TSDetalheViewController.m; sourceTree = "<group>"; };
		D076FCBC1940FC10004F891D /* logo_op.png */ = {isa = PBXFileReference; lastKnownFileType = image.png; path = logo_op.png; sourceTree = "<group>"; };
		D076FCBE1940FD80004F891D /* box.png */ = {isa = PBXFileReference; lastKnownFileType = image.png; path = box.png; sourceTree = "<group>"; };
		D076FCC01940FEA1004F891D /* box2.png */ = {isa = PBXFileReference; lastKnownFileType = image.png; path = box2.png; sourceTree = "<group>"; };
		D076FCC319417788004F891D /* Icon-60.png */ = {isa = PBXFileReference; lastKnownFileType = image.png; path = "Icon-60.png"; sourceTree = "<group>"; };
		D076FCC419417788004F891D /* Icon-60@2x.png */ = {isa = PBXFileReference; lastKnownFileType = image.png; path = "Icon-60@2x.png"; sourceTree = "<group>"; };
		D076FCC519417788004F891D /* Icon-72.png */ = {isa = PBXFileReference; lastKnownFileType = image.png; path = "Icon-72.png"; sourceTree = "<group>"; };
		D076FCC619417788004F891D /* Icon-72@2x.png */ = {isa = PBXFileReference; lastKnownFileType = image.png; path = "Icon-72@2x.png"; sourceTree = "<group>"; };
		D076FCC719417788004F891D /* Icon-76.png */ = {isa = PBXFileReference; lastKnownFileType = image.png; path = "Icon-76.png"; sourceTree = "<group>"; };
		D076FCC819417788004F891D /* Icon-76@2x.png */ = {isa = PBXFileReference; lastKnownFileType = image.png; path = "Icon-76@2x.png"; sourceTree = "<group>"; };
		D076FCC919417788004F891D /* Icon-Small-50.png */ = {isa = PBXFileReference; lastKnownFileType = image.png; path = "Icon-Small-50.png"; sourceTree = "<group>"; };
		D076FCCA19417788004F891D /* Icon-Small-50@2x.png */ = {isa = PBXFileReference; lastKnownFileType = image.png; path = "Icon-Small-50@2x.png"; sourceTree = "<group>"; };
		D076FCCB19417788004F891D /* Icon-Small.png */ = {isa = PBXFileReference; lastKnownFileType = image.png; path = "Icon-Small.png"; sourceTree = "<group>"; };
		D076FCCC19417788004F891D /* Icon-Small@2x.png */ = {isa = PBXFileReference; lastKnownFileType = image.png; path = "Icon-Small@2x.png"; sourceTree = "<group>"; };
		D076FCCD19417788004F891D /* Icon-Spotlight-40.png */ = {isa = PBXFileReference; lastKnownFileType = image.png; path = "Icon-Spotlight-40.png"; sourceTree = "<group>"; };
		D076FCCE19417788004F891D /* Icon-Spotlight-40@2x.png */ = {isa = PBXFileReference; lastKnownFileType = image.png; path = "Icon-Spotlight-40@2x.png"; sourceTree = "<group>"; };
		D076FCCF19417788004F891D /* Icon.png */ = {isa = PBXFileReference; lastKnownFileType = image.png; path = Icon.png; sourceTree = "<group>"; };
		D076FCD019417788004F891D /* Icon@2x.png */ = {isa = PBXFileReference; lastKnownFileType = image.png; path = "Icon@2x.png"; sourceTree = "<group>"; };
		D253EB3F4BBA46518C3062F8 /* Pods.xcconfig */ = {isa = PBXFileReference; includeInIndex = 1; lastKnownFileType = text.xcconfig; name = Pods.xcconfig; path = Pods/Pods.xcconfig; sourceTree = "<group>"; };
/* End PBXFileReference section */

/* Begin PBXFrameworksBuildPhase section */
		D01A9DE219305D2400BEB65B /* Frameworks */ = {
			isa = PBXFrameworksBuildPhase;
			buildActionMask = 2147483647;
			files = (
				D01A9DEB19305D2400BEB65B /* CoreGraphics.framework in Frameworks */,
				D01A9DED19305D2400BEB65B /* UIKit.framework in Frameworks */,
				D01A9DE919305D2400BEB65B /* Foundation.framework in Frameworks */,
				79E0154C470B4F569F81FB39 /* libPods.a in Frameworks */,
			);
			runOnlyForDeploymentPostprocessing = 0;
		};
		D01A9E0319305D2500BEB65B /* Frameworks */ = {
			isa = PBXFrameworksBuildPhase;
			buildActionMask = 2147483647;
			files = (
				D01A9E0819305D2500BEB65B /* XCTest.framework in Frameworks */,
				D01A9E0A19305D2500BEB65B /* UIKit.framework in Frameworks */,
				D01A9E0919305D2500BEB65B /* Foundation.framework in Frameworks */,
			);
			runOnlyForDeploymentPostprocessing = 0;
		};
/* End PBXFrameworksBuildPhase section */

/* Begin PBXGroup section */
		D01A9DDC19305D2400BEB65B = {
			isa = PBXGroup;
			children = (
				D01A9DEE19305D2400BEB65B /* ParticipaPoa */,
				D01A9E0D19305D2500BEB65B /* ParticipaPoaTests */,
				D01A9DE719305D2400BEB65B /* Frameworks */,
				D01A9DE619305D2400BEB65B /* Products */,
				D253EB3F4BBA46518C3062F8 /* Pods.xcconfig */,
			);
			sourceTree = "<group>";
		};
		D01A9DE619305D2400BEB65B /* Products */ = {
			isa = PBXGroup;
			children = (
				D01A9DE519305D2400BEB65B /* ParticipaPoa.app */,
				D01A9E0619305D2500BEB65B /* ParticipaPoaTests.xctest */,
			);
			name = Products;
			sourceTree = "<group>";
		};
		D01A9DE719305D2400BEB65B /* Frameworks */ = {
			isa = PBXGroup;
			children = (
				D01A9DE819305D2400BEB65B /* Foundation.framework */,
				D01A9DEA19305D2400BEB65B /* CoreGraphics.framework */,
				D01A9DEC19305D2400BEB65B /* UIKit.framework */,
				D01A9E0719305D2500BEB65B /* XCTest.framework */,
				68E7C07CD51648E8AE1DED3C /* libPods.a */,
			);
			name = Frameworks;
			sourceTree = "<group>";
		};
		D01A9DEE19305D2400BEB65B /* ParticipaPoa */ = {
			isa = PBXGroup;
			children = (
				D076FCC21941776C004F891D /* icons */,
				D076FCC01940FEA1004F891D /* box2.png */,
				D076FCBE1940FD80004F891D /* box.png */,
				D076FCBC1940FC10004F891D /* logo_op.png */,
				D01A9DF719305D2400BEB65B /* TSAppDelegate.h */,
				D01A9DF819305D2400BEB65B /* TSAppDelegate.m */,
				D01A9DFA19305D2400BEB65B /* Main.storyboard */,
				D01A9DFD19305D2400BEB65B /* TSViewController.h */,
				D01A9DFE19305D2500BEB65B /* TSViewController.m */,
				D076FCB9193FC3B5004F891D /* TSDetalheViewController.h */,
				D076FCBA193FC3B5004F891D /* TSDetalheViewController.m */,
				D01A9E0019305D2500BEB65B /* Images.xcassets */,
				D01A9DEF19305D2400BEB65B /* Supporting Files */,
			);
			path = ParticipaPoa;
			sourceTree = "<group>";
		};
		D01A9DEF19305D2400BEB65B /* Supporting Files */ = {
			isa = PBXGroup;
			children = (
				D01A9DF019305D2400BEB65B /* ParticipaPoa-Info.plist */,
				D01A9DF119305D2400BEB65B /* InfoPlist.strings */,
				D01A9DF419305D2400BEB65B /* main.m */,
				D01A9DF619305D2400BEB65B /* ParticipaPoa-Prefix.pch */,
			);
			name = "Supporting Files";
			sourceTree = "<group>";
		};
		D01A9E0D19305D2500BEB65B /* ParticipaPoaTests */ = {
			isa = PBXGroup;
			children = (
				D01A9E1319305D2500BEB65B /* ParticipaPoaTests.m */,
				D01A9E0E19305D2500BEB65B /* Supporting Files */,
			);
			path = ParticipaPoaTests;
			sourceTree = "<group>";
		};
		D01A9E0E19305D2500BEB65B /* Supporting Files */ = {
			isa = PBXGroup;
			children = (
				D01A9E0F19305D2500BEB65B /* ParticipaPoaTests-Info.plist */,
				D01A9E1019305D2500BEB65B /* InfoPlist.strings */,
			);
			name = "Supporting Files";
			sourceTree = "<group>";
		};
		D076FCC21941776C004F891D /* icons */ = {
			isa = PBXGroup;
			children = (
				D076FCC319417788004F891D /* Icon-60.png */,
				D076FCC419417788004F891D /* Icon-60@2x.png */,
				D076FCC519417788004F891D /* Icon-72.png */,
				D076FCC619417788004F891D /* Icon-72@2x.png */,
				D076FCC719417788004F891D /* Icon-76.png */,
				D076FCC819417788004F891D /* Icon-76@2x.png */,
				D076FCC919417788004F891D /* Icon-Small-50.png */,
				D076FCCA19417788004F891D /* Icon-Small-50@2x.png */,
				D076FCCB19417788004F891D /* Icon-Small.png */,
				D076FCCC19417788004F891D /* Icon-Small@2x.png */,
				D076FCCD19417788004F891D /* Icon-Spotlight-40.png */,
				D076FCCE19417788004F891D /* Icon-Spotlight-40@2x.png */,
				D076FCCF19417788004F891D /* Icon.png */,
				D076FCD019417788004F891D /* Icon@2x.png */,
			);
			name = icons;
			sourceTree = "<group>";
		};
/* End PBXGroup section */

/* Begin PBXNativeTarget section */
		D01A9DE419305D2400BEB65B /* ParticipaPoa */ = {
			isa = PBXNativeTarget;
			buildConfigurationList = D01A9E1719305D2500BEB65B /* Build configuration list for PBXNativeTarget "ParticipaPoa" */;
			buildPhases = (
				ABA7DB7583B74A13986F6934 /* Check Pods Manifest.lock */,
				D01A9DE119305D2400BEB65B /* Sources */,
				D01A9DE219305D2400BEB65B /* Frameworks */,
				D01A9DE319305D2400BEB65B /* Resources */,
				FD1C19A8861646DA97B0AF8D /* Copy Pods Resources */,
			);
			buildRules = (
			);
			dependencies = (
			);
			name = ParticipaPoa;
			productName = ParticipaPoa;
			productReference = D01A9DE519305D2400BEB65B /* ParticipaPoa.app */;
			productType = "com.apple.product-type.application";
		};
		D01A9E0519305D2500BEB65B /* ParticipaPoaTests */ = {
			isa = PBXNativeTarget;
			buildConfigurationList = D01A9E1A19305D2500BEB65B /* Build configuration list for PBXNativeTarget "ParticipaPoaTests" */;
			buildPhases = (
				D01A9E0219305D2500BEB65B /* Sources */,
				D01A9E0319305D2500BEB65B /* Frameworks */,
				D01A9E0419305D2500BEB65B /* Resources */,
			);
			buildRules = (
			);
			dependencies = (
				D01A9E0C19305D2500BEB65B /* PBXTargetDependency */,
			);
			name = ParticipaPoaTests;
			productName = ParticipaPoaTests;
			productReference = D01A9E0619305D2500BEB65B /* ParticipaPoaTests.xctest */;
			productType = "com.apple.product-type.bundle.unit-test";
		};
/* End PBXNativeTarget section */

/* Begin PBXProject section */
		D01A9DDD19305D2400BEB65B /* Project object */ = {
			isa = PBXProject;
			attributes = {
				CLASSPREFIX = TS;
				LastUpgradeCheck = 0510;
				ORGANIZATIONNAME = "Azapp Software";
				TargetAttributes = {
					D01A9E0519305D2500BEB65B = {
						TestTargetID = D01A9DE419305D2400BEB65B;
					};
				};
			};
			buildConfigurationList = D01A9DE019305D2400BEB65B /* Build configuration list for PBXProject "ParticipaPoa" */;
			compatibilityVersion = "Xcode 3.2";
			developmentRegion = English;
			hasScannedForEncodings = 0;
			knownRegions = (
				en,
				Base,
			);
			mainGroup = D01A9DDC19305D2400BEB65B;
			productRefGroup = D01A9DE619305D2400BEB65B /* Products */;
			projectDirPath = "";
			projectRoot = "";
			targets = (
				D01A9DE419305D2400BEB65B /* ParticipaPoa */,
				D01A9E0519305D2500BEB65B /* ParticipaPoaTests */,
			);
		};
/* End PBXProject section */

/* Begin PBXResourcesBuildPhase section */
		D01A9DE319305D2400BEB65B /* Resources */ = {
			isa = PBXResourcesBuildPhase;
			buildActionMask = 2147483647;
			files = (
				D01A9E0119305D2500BEB65B /* Images.xcassets in Resources */,
				D076FCBD1940FC10004F891D /* logo_op.png in Resources */,
				D076FCD819417788004F891D /* Icon-Small-50@2x.png in Resources */,
				D076FCD419417788004F891D /* Icon-72@2x.png in Resources */,
				D076FCD319417788004F891D /* Icon-72.png in Resources */,
				D076FCC11940FEA1004F891D /* box2.png in Resources */,
				D076FCBF1940FD80004F891D /* box.png in Resources */,
				D076FCD519417788004F891D /* Icon-76.png in Resources */,
				D076FCD919417788004F891D /* Icon-Small.png in Resources */,
				D076FCDE19417788004F891D /* Icon@2x.png in Resources */,
				D01A9DF319305D2400BEB65B /* InfoPlist.strings in Resources */,
				D076FCDD19417788004F891D /* Icon.png in Resources */,
				D076FCDC19417788004F891D /* Icon-Spotlight-40@2x.png in Resources */,
				D076FCD719417788004F891D /* Icon-Small-50.png in Resources */,
				D076FCD119417788004F891D /* Icon-60.png in Resources */,
				D01A9DFC19305D2400BEB65B /* Main.storyboard in Resources */,
				D076FCDA19417788004F891D /* Icon-Small@2x.png in Resources */,
				D076FCD619417788004F891D /* Icon-76@2x.png in Resources */,
				D076FCDB19417788004F891D /* Icon-Spotlight-40.png in Resources */,
				D076FCD219417788004F891D /* Icon-60@2x.png in Resources */,
			);
			runOnlyForDeploymentPostprocessing = 0;
		};
		D01A9E0419305D2500BEB65B /* Resources */ = {
			isa = PBXResourcesBuildPhase;
			buildActionMask = 2147483647;
			files = (
				D01A9E1219305D2500BEB65B /* InfoPlist.strings in Resources */,
			);
			runOnlyForDeploymentPostprocessing = 0;
		};
/* End PBXResourcesBuildPhase section */

/* Begin PBXShellScriptBuildPhase section */
		ABA7DB7583B74A13986F6934 /* Check Pods Manifest.lock */ = {
			isa = PBXShellScriptBuildPhase;
			buildActionMask = 2147483647;
			files = (
			);
			inputPaths = (
			);
			name = "Check Pods Manifest.lock";
			outputPaths = (
			);
			runOnlyForDeploymentPostprocessing = 0;
			shellPath = /bin/sh;
			shellScript = "diff \"${PODS_ROOT}/../Podfile.lock\" \"${PODS_ROOT}/Manifest.lock\" > /dev/null\nif [[ $? != 0 ]] ; then\n    cat << EOM\nerror: The sandbox is not in sync with the Podfile.lock. Run 'pod install' or update your CocoaPods installation.\nEOM\n    exit 1\nfi\n";
			showEnvVarsInLog = 0;
		};
		FD1C19A8861646DA97B0AF8D /* Copy Pods Resources */ = {
			isa = PBXShellScriptBuildPhase;
			buildActionMask = 2147483647;
			files = (
			);
			inputPaths = (
			);
			name = "Copy Pods Resources";
			outputPaths = (
			);
			runOnlyForDeploymentPostprocessing = 0;
			shellPath = /bin/sh;
			shellScript = "\"${SRCROOT}/Pods/Pods-resources.sh\"\n";
			showEnvVarsInLog = 0;
		};
/* End PBXShellScriptBuildPhase section */

/* Begin PBXSourcesBuildPhase section */
		D01A9DE119305D2400BEB65B /* Sources */ = {
			isa = PBXSourcesBuildPhase;
			buildActionMask = 2147483647;
			files = (
				D01A9DF519305D2400BEB65B /* main.m in Sources */,
				D076FCBB193FC3B5004F891D /* TSDetalheViewController.m in Sources */,
				D01A9DF919305D2400BEB65B /* TSAppDelegate.m in Sources */,
				D01A9DFF19305D2500BEB65B /* TSViewController.m in Sources */,
			);
			runOnlyForDeploymentPostprocessing = 0;
		};
		D01A9E0219305D2500BEB65B /* Sources */ = {
			isa = PBXSourcesBuildPhase;
			buildActionMask = 2147483647;
			files = (
				D01A9E1419305D2500BEB65B /* ParticipaPoaTests.m in Sources */,
			);
			runOnlyForDeploymentPostprocessing = 0;
		};
/* End PBXSourcesBuildPhase section */

/* Begin PBXTargetDependency section */
		D01A9E0C19305D2500BEB65B /* PBXTargetDependency */ = {
			isa = PBXTargetDependency;
			target = D01A9DE419305D2400BEB65B /* ParticipaPoa */;
			targetProxy = D01A9E0B19305D2500BEB65B /* PBXContainerItemProxy */;
		};
/* End PBXTargetDependency section */

/* Begin PBXVariantGroup section */
		D01A9DF119305D2400BEB65B /* InfoPlist.strings */ = {
			isa = PBXVariantGroup;
			children = (
				D01A9DF219305D2400BEB65B /* en */,
			);
			name = InfoPlist.strings;
			sourceTree = "<group>";
		};
		D01A9DFA19305D2400BEB65B /* Main.storyboard */ = {
			isa = PBXVariantGroup;
			children = (
				D01A9DFB19305D2400BEB65B /* Base */,
			);
			name = Main.storyboard;
			sourceTree = "<group>";
		};
		D01A9E1019305D2500BEB65B /* InfoPlist.strings */ = {
			isa = PBXVariantGroup;
			children = (
				D01A9E1119305D2500BEB65B /* en */,
			);
			name = InfoPlist.strings;
			sourceTree = "<group>";
		};
/* End PBXVariantGroup section */

/* Begin XCBuildConfiguration section */
		D01A9E1519305D2500BEB65B /* Debug */ = {
			isa = XCBuildConfiguration;
			buildSettings = {
				ALWAYS_SEARCH_USER_PATHS = NO;
				CLANG_CXX_LANGUAGE_STANDARD = "gnu++0x";
				CLANG_CXX_LIBRARY = "libc++";
				CLANG_ENABLE_MODULES = YES;
				CLANG_ENABLE_OBJC_ARC = YES;
				CLANG_WARN_BOOL_CONVERSION = YES;
				CLANG_WARN_CONSTANT_CONVERSION = YES;
				CLANG_WARN_DIRECT_OBJC_ISA_USAGE = YES_ERROR;
				CLANG_WARN_EMPTY_BODY = YES;
				CLANG_WARN_ENUM_CONVERSION = YES;
				CLANG_WARN_INT_CONVERSION = YES;
				CLANG_WARN_OBJC_ROOT_CLASS = YES_ERROR;
				CLANG_WARN__DUPLICATE_METHOD_MATCH = YES;
				"CODE_SIGN_IDENTITY[sdk=iphoneos*]" = "iPhone Developer";
				COPY_PHASE_STRIP = NO;
				GCC_C_LANGUAGE_STANDARD = gnu99;
				GCC_DYNAMIC_NO_PIC = NO;
				GCC_OPTIMIZATION_LEVEL = 0;
				GCC_PREPROCESSOR_DEFINITIONS = (
					"DEBUG=1",
					"$(inherited)",
				);
				GCC_SYMBOLS_PRIVATE_EXTERN = NO;
				GCC_WARN_64_TO_32_BIT_CONVERSION = YES;
				GCC_WARN_ABOUT_RETURN_TYPE = YES_ERROR;
				GCC_WARN_UNDECLARED_SELECTOR = YES;
				GCC_WARN_UNINITIALIZED_AUTOS = YES_AGGRESSIVE;
				GCC_WARN_UNUSED_FUNCTION = YES;
				GCC_WARN_UNUSED_VARIABLE = YES;
				IPHONEOS_DEPLOYMENT_TARGET = 7.1;
				ONLY_ACTIVE_ARCH = YES;
				SDKROOT = iphoneos;
			};
			name = Debug;
		};
		D01A9E1619305D2500BEB65B /* Release */ = {
			isa = XCBuildConfiguration;
			buildSettings = {
				ALWAYS_SEARCH_USER_PATHS = NO;
				CLANG_CXX_LANGUAGE_STANDARD = "gnu++0x";
				CLANG_CXX_LIBRARY = "libc++";
				CLANG_ENABLE_MODULES = YES;
				CLANG_ENABLE_OBJC_ARC = YES;
				CLANG_WARN_BOOL_CONVERSION = YES;
				CLANG_WARN_CONSTANT_CONVERSION = YES;
				CLANG_WARN_DIRECT_OBJC_ISA_USAGE = YES_ERROR;
				CLANG_WARN_EMPTY_BODY = YES;
				CLANG_WARN_ENUM_CONVERSION = YES;
				CLANG_WARN_INT_CONVERSION = YES;
				CLANG_WARN_OBJC_ROOT_CLASS = YES_ERROR;
				CLANG_WARN__DUPLICATE_METHOD_MATCH = YES;
				"CODE_SIGN_IDENTITY[sdk=iphoneos*]" = "iPhone Developer";
				COPY_PHASE_STRIP = YES;
				ENABLE_NS_ASSERTIONS = NO;
				GCC_C_LANGUAGE_STANDARD = gnu99;
				GCC_WARN_64_TO_32_BIT_CONVERSION = YES;
				GCC_WARN_ABOUT_RETURN_TYPE = YES_ERROR;
				GCC_WARN_UNDECLARED_SELECTOR = YES;
				GCC_WARN_UNINITIALIZED_AUTOS = YES_AGGRESSIVE;
				GCC_WARN_UNUSED_FUNCTION = YES;
				GCC_WARN_UNUSED_VARIABLE = YES;
				IPHONEOS_DEPLOYMENT_TARGET = 7.1;
				SDKROOT = iphoneos;
				VALIDATE_PRODUCT = YES;
			};
			name = Release;
		};
		D01A9E1819305D2500BEB65B /* Debug */ = {
			isa = XCBuildConfiguration;
			baseConfigurationReference = D253EB3F4BBA46518C3062F8 /* Pods.xcconfig */;
			buildSettings = {
				ASSETCATALOG_COMPILER_APPICON_NAME = AppIcon;
				ASSETCATALOG_COMPILER_LAUNCHIMAGE_NAME = LaunchImage;
				GCC_PRECOMPILE_PREFIX_HEADER = YES;
				GCC_PREFIX_HEADER = "ParticipaPoa/ParticipaPoa-Prefix.pch";
				INFOPLIST_FILE = "ParticipaPoa/ParticipaPoa-Info.plist";
				PRODUCT_NAME = "$(TARGET_NAME)";
				WRAPPER_EXTENSION = app;
			};
			name = Debug;
		};
		D01A9E1919305D2500BEB65B /* Release */ = {
			isa = XCBuildConfiguration;
			baseConfigurationReference = D253EB3F4BBA46518C3062F8 /* Pods.xcconfig */;
			buildSettings = {
				ASSETCATALOG_COMPILER_APPICON_NAME = AppIcon;
				ASSETCATALOG_COMPILER_LAUNCHIMAGE_NAME = LaunchImage;
				GCC_PRECOMPILE_PREFIX_HEADER = YES;
				GCC_PREFIX_HEADER = "ParticipaPoa/ParticipaPoa-Prefix.pch";
				INFOPLIST_FILE = "ParticipaPoa/ParticipaPoa-Info.plist";
				PRODUCT_NAME = "$(TARGET_NAME)";
				WRAPPER_EXTENSION = app;
			};
			name = Release;
		};
		D01A9E1B19305D2500BEB65B /* Debug */ = {
			isa = XCBuildConfiguration;
			buildSettings = {
				BUNDLE_LOADER = "$(BUILT_PRODUCTS_DIR)/ParticipaPoa.app/ParticipaPoa";
				FRAMEWORK_SEARCH_PATHS = (
					"$(SDKROOT)/Developer/Library/Frameworks",
					"$(inherited)",
					"$(DEVELOPER_FRAMEWORKS_DIR)",
				);
				GCC_PRECOMPILE_PREFIX_HEADER = YES;
				GCC_PREFIX_HEADER = "ParticipaPoa/ParticipaPoa-Prefix.pch";
				GCC_PREPROCESSOR_DEFINITIONS = (
					"DEBUG=1",
					"$(inherited)",
				);
				INFOPLIST_FILE = "ParticipaPoaTests/ParticipaPoaTests-Info.plist";
				PRODUCT_NAME = "$(TARGET_NAME)";
				TEST_HOST = "$(BUNDLE_LOADER)";
				WRAPPER_EXTENSION = xctest;
			};
			name = Debug;
		};
		D01A9E1C19305D2500BEB65B /* Release */ = {
			isa = XCBuildConfiguration;
			buildSettings = {
				BUNDLE_LOADER = "$(BUILT_PRODUCTS_DIR)/ParticipaPoa.app/ParticipaPoa";
				FRAMEWORK_SEARCH_PATHS = (
					"$(SDKROOT)/Developer/Library/Frameworks",
					"$(inherited)",
					"$(DEVELOPER_FRAMEWORKS_DIR)",
				);
				GCC_PRECOMPILE_PREFIX_HEADER = YES;
				GCC_PREFIX_HEADER = "ParticipaPoa/ParticipaPoa-Prefix.pch";
				INFOPLIST_FILE = "ParticipaPoaTests/ParticipaPoaTests-Info.plist";
				PRODUCT_NAME = "$(TARGET_NAME)";
				TEST_HOST = "$(BUNDLE_LOADER)";
				WRAPPER_EXTENSION = xctest;
			};
			name = Release;
		};
/* End XCBuildConfiguration section */

/* Begin XCConfigurationList section */
		D01A9DE019305D2400BEB65B /* Build configuration list for PBXProject "ParticipaPoa" */ = {
			isa = XCConfigurationList;
			buildConfigurations = (
				D01A9E1519305D2500BEB65B /* Debug */,
				D01A9E1619305D2500BEB65B /* Release */,
			);
			defaultConfigurationIsVisible = 0;
			defaultConfigurationName = Release;
		};
		D01A9E1719305D2500BEB65B /* Build configuration list for PBXNativeTarget "ParticipaPoa" */ = {
			isa = XCConfigurationList;
			buildConfigurations = (
				D01A9E1819305D2500BEB65B /* Debug */,
				D01A9E1919305D2500BEB65B /* Release */,
			);
			defaultConfigurationIsVisible = 0;
			defaultConfigurationName = Release;
		};
		D01A9E1A19305D2500BEB65B /* Build configuration list for PBXNativeTarget "ParticipaPoaTests" */ = {
			isa = XCConfigurationList;
			buildConfigurations = (
				D01A9E1B19305D2500BEB65B /* Debug */,
				D01A9E1C19305D2500BEB65B /* Release */,
			);
			defaultConfigurationIsVisible = 0;
			defaultConfigurationName = Release;
		};
/* End XCConfigurationList section */
	};
	rootObject = D01A9DDD19305D2400BEB65B /* Project object */;
}
